PODS:
  - CocoaAsyncSocket (7.5.1):
    - CocoaAsyncSocket/GCD (= 7.5.1)
  - CocoaAsyncSocket/GCD (7.5.1)
  - CocoaMQTT (1.0.16):
    - CocoaAsyncSocket (~> 7.5.1)
    - SwiftyTimer (~> 2.0.0)
  - SwiftyTimer (2.0.0)

DEPENDENCIES:
  - CocoaMQTT (from `/Users/alex/Repos/work/CocoaMQTT`)

EXTERNAL SOURCES:
  CocoaMQTT:
    :path: /Users/alex/Repos/work/CocoaMQTT

SPEC CHECKSUMS:
  CocoaAsyncSocket: e0a7e93b2ffa411592ff87e58524fbbc9b95b4fa
  CocoaMQTT: c0c92ff0f9df3919921134597c7d1cd967daa0b7
  SwiftyTimer: 2efd74b060d69ad4f1496baf5bbedbe132125fcf

PODFILE CHECKSUM: 50abe32fcc479c77f83eafc2b2279359c102a897

COCOAPODS: 1.2.0
